github.com/Azure/azure-sdk-for-go/sdk/azcore v1.1.0 h1:Ut0ZGdOwJDw0npYEg+TLlPls3Pq6JiZaP2/aGKir7Zw=
github.com/Azure/azure-sdk-for-go/sdk/azcore v1.1.0/go.mod h1:uGG2W01BaETf0Ozp+QxxKJdMBNRWPdstHG0Fmdwn1/U=
github.com/Azure/azure-sdk-for-go/sdk/azidentity v1.1.0 h1:QkAcEIAKbNL4KoFr4SathZPhDhF4mVwpBMFlYjyAqy8=
github.com/Azure/azure-sdk-for-go/sdk/azidentity v1.1.0/go.mod h1:bhXu1AjYL+wutSL/kpSq6s7733q2Rb0yuot9Zgfqa/0=
github.com/Azure/azure-sdk-for-go/sdk/internal v1.0.0 h1:jp0dGvZ7ZK0mgqnTSClMxa5xuRL7NZgHameVYF6BurY=
github.com/Azure/azure-sdk-for-go/sdk/internal v1.0.0/go.mod h1:eWRD7oawr1Mu1sLCawqVc0CUiF43ia3qQMxLscsKQ9w=
github.com/AzureAD/microsoft-authentication-library-for-go v0.5.1 h1:BWe8a+f/t+7KY7zH2mqygeUD0t8hNFXe08p1Pb3/jKE=
github.com/AzureAD/microsoft-authentication-library-for-go v0.5.1/go.mod h1:Vt9sXTKwMyGcOxSmLDMnGPgqsUg7m8pe215qMLrDXw4=
github.com/Jeffail/gabs/v2 v2.6.1 h1:wwbE6nTQTwIMsMxzi6XFQQYRZ6wDc1mSdxoAN+9U4Gk=
github.com/Jeffail/gabs/v2 v2.6.1/go.mod h1:xCn81vdHKxFUuWWAaD5jCTQDNPBMh5pPs9IJ+NcziBI=
github.com/asaskevich/govalidator v0.0.0-20200907205600-7a23bdc65eef h1:46PFijGLmAjMPwCCCo7Jf0W6f9slllCkkv7vyc1yOSg=
github.com/asaskevich/govalidator v0.0.0-20200907205600-7a23bdc65eef/go.mod h1:WaHUgvxTVq04UNunO+XhnAqY/wQc+bxr74GqbsZ/Jqw=
github.com/cjlapao/common-go v0.0.20 h1:AIZBtuxwJPXFqyxFOlvVDWZgbsuTSquZEUw4KMx8pNg=
github.com/cjlapao/common-go v0.0.20/go.mod h1:EVLEXIxsBHblPMrhJYOvL4yBCcBj7IYDdW88VlfxpPM=
github.com/creack/pty v1.1.9/go.mod h1:oKZEueFk5CKHvIhNR5MUki03XCEU+Q6VDXinZuGJ33E=
github.com/davecgh/go-spew v1.1.0/go.mod h1:J7Y8YcW2NihsgmVo/mv3lAwl/skON4iLHjSsI+c5H38=
github.com/davecgh/go-spew v1.1.1 h1:vj9j/u1bqnvCEfJOwUhtlOARqs3+rkHYY13jYWTU97c=
github.com/davecgh/go-spew v1.1.1/go.mod h1:J7Y8YcW2NihsgmVo/mv3lAwl/skON4iLHjSsI+c5H38=
github.com/deckarep/golang-set v1.8.0 h1:sk9/l/KqpunDwP7pSjUg0keiOOLEnOBHzykLrsPppp4=
github.com/deckarep/golang-set v1.8.0/go.mod h1:5nI87KwE7wgsBU1F4GKAw2Qod7p5kyS383rP6+o6qqo=
github.com/dgrijalva/jwt-go v3.2.0+incompatible h1:7qlOGliEKZXTDg6OTjfoBKDXWrumCAMpl/TFQ4/5kLM=
github.com/dgrijalva/jwt-go v3.2.0+incompatible/go.mod h1:E3ru+11k8xSBh+hMPgOLZmtrrCbhqsmaPHjLKYnJCaQ=
github.com/dnaeon/go-vcr v1.1.0 h1:ReYa/UBrRyQdant9B4fNHGoCNKw6qh6P0fsdGmZpR7c=
github.com/go-openapi/errors v0.19.8 h1:doM+tQdZbUm9gydV9yR+iQNmztbjj7I3sW4sIcAwIzc=
github.com/go-openapi/errors v0.19.8/go.mod h1:cM//ZKUKyO06HSwqAelJ5NsEMMcpa6VpXe8DOa1Mi1M=
github.com/go-openapi/strfmt v0.21.2 h1:5NDNgadiX1Vhemth/TH4gCGopWSTdDjxl60H3B7f+os=
github.com/go-openapi/strfmt v0.21.2/go.mod h1:I/XVKeLc5+MM5oPNN7P6urMOpuLXEcNrCX/rPGuWb0k=
github.com/go-openapi/swag v0.21.1 h1:wm0rhTb5z7qpJRHBdPOMuY4QjVUMbF6/kwoYeRAOrKU=
github.com/go-openapi/swag v0.21.1/go.mod h1:QYRuS/SOXUCsnplDa677K7+DxSOj6IPNl/eQntq43wQ=
github.com/go-stack/stack v1.8.0 h1:5SgMzNM5HxrEjV0ww2lTmX6E2Izsfxas4+YHWRs3Lsk=
github.com/go-stack/stack v1.8.0/go.mod h1:v0f6uXyyMGvRgIKkXu+yp6POWl0qKG85gN/melR3HDY=
github.com/golang-jwt/jwt v3.2.1+incompatible h1:73Z+4BJcrTC+KczS6WvTPvRGOp1WmfEP4Q1lOd9Z/+c=
github.com/golang-jwt/jwt v3.2.1+incompatible/go.mod h1:8pz2t5EyA70fFQQSrl6XZXzqecmYZeUEB8OUGHkxJ+I=
github.com/golang-jwt/jwt/v4 v4.2.0 h1:besgBTC8w8HjP6NzQdxwKH9Z5oQMZ24ThTrHp3cZ8eU=
github.com/golang/snappy v0.0.1/go.mod h1:/XxbfmMg8lxefKM7IXC3fBNl/7bRcc72aCRzEWrmP2Q=
github.com/google/go-cmp v0.5.2 h1:X2ev0eStA3AbceY54o37/0PQ/UWqKEiiO2dKL5OPaFM=
github.com/google/go-cmp v0.5.2/go.mod h1:v8dTdLbMG2kIc/vJvl+f65V22dbkXbowE6jgT/gNBxE=
github.com/google/uuid v1.1.1/go.mod h1:TIyPZe4MgqvfeYDBFedMoGGpEw/LqOeaOT+nhxU+yHo=
github.com/google/uuid v1.3.0 h1:t6JiXgmwXMjEs8VusXIJk2BXHsn+wx8BZdTaoZ5fu7I=
github.com/google/uuid v1.3.0/go.mod h1:TIyPZe4MgqvfeYDBFedMoGGpEw/LqOeaOT+nhxU+yHo=
github.com/josharian/intern v1.0.0 h1:vlS4z54oSdjm0bgjRigI+G1HpF+tI+9rE5LLzOg8HmY=
github.com/josharian/intern v1.0.0/go.mod h1:5DoeVV0s6jJacbCEi61lwdGj/aVlrQvzHFFd8Hwg//Y=
github.com/klauspost/compress v1.13.6/go.mod h1:/3/Vjq9QcHkK5uEr5lBEmyoZ1iFhe47etQ6QUkpK6sk=
github.com/kr/pretty v0.1.0/go.mod h1:dAy3ld7l9f0ibDNOQOHHMYYIIbhfbHSm3C4ZsoJORNo=
github.com/kr/pty v1.1.1/go.mod h1:pFQYn66WHrOpPYNljwOMqo10TkYh1fy3cYio2l3bCsQ=
github.com/kr/text v0.1.0/go.mod h1:4Jbv+DJW3UT/LiOwJeYQe1efqtUx/iVham/4vfdArNI=
github.com/kr/text v0.2.0 h1:5Nx0Ya0ZqY2ygV366QzturHI13Jq95ApcVaJBhpS+AY=
github.com/kr/text v0.2.0/go.mod h1:eLer722TekiGuMkidMxC/pM04lWEeraHUUmBw8l2grE=
github.com/kylelemons/godebug v1.1.0 h1:RPNrshWIDI6G2gRW9EHilWtl7Z6Sb1BR0xunSBf0SNc=
github.com/kylelemons/godebug v1.1.0/go.mod h1:9/0rRGxNHcop5bhtWyNeEfOS8JIWk580+fNqagV/RAw=
github.com/mailru/easyjson v0.7.6 h1:8yTIVnZgCoiM1TgqoeTl+LfU5Jg6/xL3QhGQnimLYnA=
github.com/mailru/easyjson v0.7.6/go.mod h1:xzfreul335JAWq5oZzymOObrkdz5UnU4kGfJJLY9Nlc=
github.com/matoous/go-nanoid v1.5.0/go.mod h1:zyD2a71IubI24efhpvkJz+ZwfwagzgSO6UNiFsZKN7U=
github.com/matoous/go-nanoid/v2 v2.0.0 h1:d19kur2QuLeHmJBkvYkFdhFBzLoo1XVm2GgTpL+9Tj0=
github.com/matoous/go-nanoid/v2 v2.0.0/go.mod h1:FtS4aGPVfEkxKxhdWPAspZpZSh1cOjtM7Ej/So3hR0g=
github.com/microsoft/kiota-abstractions-go v0.8.1 h1:ACCwRwddJYOx+SRqfgcR8Wo8PZTd4g+JMa8lY8ABy+4=
github.com/microsoft/kiota-abstractions-go v0.8.1/go.mod h1:05aCidCKhzer+yfhGeePaMUY3MH+wrAkQztBVEreTtc=
github.com/microsoft/kiota-authentication-azure-go v0.3.1 h1:jKZcFPCaNk4WSqS39mmnPvpXlBxc4DhX0zIQVYu2b4U=
github.com/microsoft/kiota-authentication-azure-go v0.3.1/go.mod h1:gUNv91OtbPfD0R7K7R4IjVo6yPXbcWltnCKvwCiAN7Y=
github.com/microsoft/kiota-http-go v0.5.1 h1:8QLZBfvPRvISUO+qWvv6fBrxaBH5n0V/Venq7Fq51cg=
github.com/microsoft/kiota-http-go v0.5.1/go.mod h1:WqEFNw3rMEatymG4Xh3rLSTxaKq80rJdQ/CSSh7m6jI=
github.com/microsoft/kiota-serialization-json-go v0.5.3 h1:NrRyed65WYhEH5NwZTzplWs+eoECEYtLpAQ5Dhwq1wc=
github.com/microsoft/kiota-serialization-json-go v0.5.3/go.mod h1:GI9vrssO1EvqzDtvMKuhjALn40phZOWkeeaMgtCk6xE=
github.com/microsoft/kiota-serialization-text-go v0.4.1 h1:6QPH7+geUPCpaSZkKCQw0Scngx2IF0vKodrvvWWiu2A=
github.com/microsoft/kiota-serialization-text-go v0.4.1/go.mod h1:DsriFnVBDCc4D84qxG3j8q/1Sxu16JILfhxMZm3kdfw=
github.com/microsoftgraph/msgraph-sdk-go v0.28.0 h1:BolP/vNW7gsNXivg/qikcdftOicLMgMm3Z/6PpSFDvU=
github.com/microsoftgraph/msgraph-sdk-go v0.28.0/go.mod h1:MB2iPD8vd8RTRAqlKTZfhLvE8OBiC/vjaOy8+J+nF1k=
github.com/microsoftgraph/msgraph-sdk-go-core v0.26.1 h1:wzEoPk6uyd+SkBur9NpzpPfKseUQYT1yjFkDUueLpfk=
github.com/microsoftgraph/msgraph-sdk-go-core v0.26.1/go.mod h1:cKWHZ9CfJnSvBJxzXnAXRA+SSy8JeAbS+4kOn3uyOIY=
github.com/mitchellh/mapstructure v1.3.3 h1:SzB1nHZ2Xi+17FP0zVQBHIZqvwRN9408fJO8h+eeNA8=
github.com/mitchellh/mapstructure v1.3.3/go.mod h1:bFUtVrKA4DC2yAKiSyO/QUcy7e+RRV2QTWOzhPopBRo=
github.com/montanaflynn/stats v0.0.0-20171201202039-1bf9dbcd8cbe/go.mod h1:wL8QJuTMNUDYhXwkmfOly8iTdp5TEcJFWZD2D7SIkUc=
github.com/montanaflynn/stats v0.6.6/go.mod h1:etXPPgVO6n31NxCd9KQUMvCM+ve0ruNzt6R8Bnaayow=
github.com/niemeyer/pretty v0.0.0-20200227124842-a10e7caefd8e h1:fD57ERR4JtEqsWbfPhv4DMiApHyliiK5xCTNVSPiaAs=
github.com/niemeyer/pretty v0.0.0-20200227124842-a10e7caefd8e/go.mod h1:zD1mROLANZcx1PVRCS0qkT7pwLkGfwJo4zjcN/Tysno=
github.com/oklog/ulid v1.3.1 h1:EGfNDEx6MqHz8B3uNV6QAib1UR2Lm97sHi3ocA6ESJ4=
github.com/oklog/ulid v1.3.1/go.mod h1:CirwcVhetQ6Lv90oh/F+FBtV6XMibvdAFo93nm5qn4U=
github.com/pkg/browser v0.0.0-20210115035449-ce105d075bb4 h1:Qj1ukM4GlMWXNdMBuXcXfz/Kw9s1qm0CLY32QxuSImI=
github.com/pkg/browser v0.0.0-20210115035449-ce105d075bb4/go.mod h1:N6UoU20jOqggOuDwUaBQpluzLNDqif3kq9z2wpdYEfQ=
github.com/pkg/errors v0.9.1/go.mod h1:bwawxfHBFNV+L2hUp1rHADufV3IMtnDRdf1r5NINEl0=
github.com/pmezard/go-difflib v1.0.0 h1:4DBwDE0NGyQoBHbLQYPwSUPoCMWR5BEzIk/f1lZbAQM=
github.com/pmezard/go-difflib v1.0.0/go.mod h1:iKH77koFhYxTK1pcRnkKkqfTogsbg7gZNVY4sRDYZ/4=
github.com/stretchr/objx v0.1.0/go.mod h1:HFkY916IF+rwdDfMAkV7OtwuqBVzrE8GR6GFx+wExME=
github.com/stretchr/testify v1.6.1/go.mod h1:6Fq8oRcR53rry900zMqJjRRixrwX3KX962/h/Wwjteg=
github.com/stretchr/testify v1.7.2 h1:4jaiDzPyXQvSd7D0EjG45355tLlV3VOECpq10pLC+8s=
github.com/stretchr/testify v1.7.2/go.mod h1:R6va5+xMeoiuVRoj+gSkQ7d3FALtqAAGI1FQKckRals=
github.com/tidwall/pretty v1.0.0 h1:HsD+QiTn7sK6flMKIvNmpqz1qrpP3Ps6jOKIKMooyg4=
github.com/tidwall/pretty v1.0.0/go.mod h1:XNkn88O1ChpSDQmQeStsy+sBenx6DDtFZJxhVysOjyk=
github.com/xdg-go/pbkdf2 v1.0.0/go.mod h1:jrpuAogTd400dnrH08LKmI/xc1MbPOebTwRqcT5RDeI=
github.com/xdg-go/scram v1.0.2/go.mod h1:1WAq6h33pAW+iRreB34OORO2Nf7qel3VV3fjBj+hCSs=
github.com/xdg-go/stringprep v1.0.2/go.mod h1:8F9zXuvzgwmyT5DUm4GUfZGDdT3W+LCvS6+da4O5kxM=
github.com/yosida95/uritemplate/v3 v3.0.2 h1:Ed3Oyj9yrmi9087+NczuL5BwkIc4wvTb5zIM+UJPGz4=
github.com/yosida95/uritemplate/v3 v3.0.2/go.mod h1:ILOh0sOhIJR3+L/8afwt/kE++YT040gmv5BQTMR2HP4=
github.com/youmark/pkcs8 v0.0.0-20181117223130-1be2e3e5546d/go.mod h1:rHwXgn7JulP+udvsHwJoVG1YGAP6VLg4y9I5dyZdqmA=
go.mongodb.org/mongo-driver v1.7.5/go.mod h1:VXEWRZ6URJIkUq2SCAyapmhH0ZLRBP+FT4xhp5Zvxng=
go.mongodb.org/mongo-driver v1.8.0 h1:R/P/JJzu8LJvJ1lDfph9GLNIKQxEtIHFfnUUUve35zY=
go.mongodb.org/mongo-driver v1.8.0/go.mod h1:0sQWfOeY63QTntERDJJ/0SuKK0T1uVSgKCuAROlKEPY=
golang.org/x/crypto v0.0.0-20190308221718-c2843e01d9a2/go.mod h1:djNgcEr1/C05ACkg1iLfiJU5Ep61QUkGW8qpdssI0+w=
golang.org/x/crypto v0.0.0-20200302210943-78000ba7a073/go.mod h1:LzIPMQfyMNhhGPhUkYOs5KpL4U8rLKemX1yGLhDgUto=
golang.org/x/crypto v0.0.0-20201216223049-8b5274cf687f/go.mod h1:jdWPYTVW3xRLrWPugEBEK3UY2ZEsg3UU495nc5E+M+I=
golang.org/x/crypto v0.0.0-20220511200225-c6db032c6c88 h1:Tgea0cVUD0ivh5ADBX4WwuI12DUd2to3nCYe2eayMIw=
golang.org/x/crypto v0.0.0-20220511200225-c6db032c6c88/go.mod h1:IxCIyHEi3zRg3s0A5j5BB6A9Jmi73HwBIUl50j+osU4=
golang.org/x/net v0.0.0-20190311183353-d8887717615a/go.mod h1:t9HGtf8HONx5eT2rtn7q6eTqICYqUVnKs3thJo3Qplg=
golang.org/x/net v0.0.0-20190404232315-eb5bcb51f2a3/go.mod h1:t9HGtf8HONx5eT2rtn7q6eTqICYqUVnKs3thJo3Qplg=
golang.org/x/net v0.0.0-20220425223048-2871e0cb64e4 h1:HVyaeDAYux4pnY+D/SiwmLOR36ewZ4iGQIIrtnuCjFA=
golang.org/x/net v0.0.0-20220425223048-2871e0cb64e4/go.mod h1:CfG3xpIq0wQ8r1q4Su4UZFWDARRcnwPjda9FqA0JpMk=
golang.org/x/sync v0.0.0-20190423024810-112230192c58/go.mod h1:RxMgew5VJxzue5/jJTE5uejpjVlOe/izrB70Jof72aM=
golang.org/x/sync v0.0.0-20190911185100-cd5d95a43a6e/go.mod h1:RxMgew5VJxzue5/jJTE5uejpjVlOe/izrB70Jof72aM=
golang.org/x/sys v0.0.0-20190215142949-d0b11bdaac8a/go.mod h1:STP8DvDyc/dI5b8T5hshtkjS+E42TnysNCUPdjciGhY=
golang.org/x/sys v0.0.0-20190412213103-97732733099d/go.mod h1:h1NjWce9XRLGQEsW7wpKNCjG9DtNlClVuFLEZdDNbEs=
golang.org/x/sys v0.0.0-20191026070338-33540a1f6037/go.mod h1:h1NjWce9XRLGQEsW7wpKNCjG9DtNlClVuFLEZdDNbEs=
golang.org/x/sys v0.0.0-20210124154548-22da62e12c0c/go.mod h1:h1NjWce9XRLGQEsW7wpKNCjG9DtNlClVuFLEZdDNbEs=
golang.org/x/sys v0.0.0-20211216021012-1d35b9e2eb4e h1:fLOSk5Q00efkSvAm+4xcoXD+RRmLmmulPn5I3Y9F2EM=
golang.org/x/sys v0.0.0-20211216021012-1d35b9e2eb4e/go.mod h1:oPkhp1MJrh7nUepCBck5+mAzfO9JrbApNNgaTdGDITg=
golang.org/x/term v0.0.0-20201117132131-f5c789dd3221/go.mod h1:Nr5EML6q2oocZ2LXRh80K7BxOlk5/8JxuGnuhpl+muw=
golang.org/x/text v0.3.0/go.mod h1:NqM8EUOU14njkJ3fqMW+pc6Ldnwhi/IjpwHt7yyuwOQ=
golang.org/x/text v0.3.5/go.mod h1:5Zoc/QRtKVWzQhOtBMvqHzDpF6irO9z98xDceosuGiQ=
golang.org/x/text v0.3.7 h1:olpwvP2KacW1ZWvsR7uQhoyTYvKAupfQrRGBFM352Gk=
golang.org/x/text v0.3.7/go.mod h1:u+2+/6zg+i71rQMx5EYifcz6MCKuco9NR6JIITiCfzQ=
golang.org/x/tools v0.0.0-20180917221912-90fa682c2a6e/go.mod h1:n7NCudcB/nEzxVGmLbDWY5pfWTLqBcC2KZ6jyYvM4mQ=
golang.org/x/tools v0.0.0-20190531172133-b3315ee88b7d/go.mod h1:/rFqwRUd4F7ZHNgwSSTFct+R/Kf4OFW1sUzUTQQTgfc=
golang.org/x/xerrors v0.0.0-20191204190536-9bdfabe68543/go.mod h1:I/5z698sn9Ka8TeJc9MKroUUfqBBauWjQqLJ2OPfmY0=
gopkg.in/alexcesaro/quotedprintable.v3 v3.0.0-20150716171945-2caba252f4dc h1:2gGKlE2+asNV9m7xrywl36YYNnBG5ZQ0r/BOOxqPpmk=
gopkg.in/alexcesaro/quotedprintable.v3 v3.0.0-20150716171945-2caba252f4dc/go.mod h1:m7x9LTH6d71AHyAX77c9yqWCCa3UKHcVEj9y7hAtKDk=
gopkg.in/check.v1 v0.0.0-20161208181325-20d25e280405/go.mod h1:Co6ibVJAznAaIkqp8huTwlJQCZ016jof/cbN4VW5Yz0=
gopkg.in/check.v1 v1.0.0-20180628173108-788fd7840127/go.mod h1:Co6ibVJAznAaIkqp8huTwlJQCZ016jof/cbN4VW5Yz0=
gopkg.in/check.v1 v1.0.0-20200227125254-8fa46927fb4f h1:BLraFXnmrev5lT+xlilqcH8XK9/i0At2xKjWk4p6zsU=
gopkg.in/check.v1 v1.0.0-20200227125254-8fa46927fb4f/go.mod h1:Co6ibVJAznAaIkqp8huTwlJQCZ016jof/cbN4VW5Yz0=
gopkg.in/gomail.v2 v2.0.0-20160411212932-81ebce5c23df h1:n7WqCuqOuCbNr617RXOY0AWRXxgwEyPp2z+p0+hgMuE=
gopkg.in/gomail.v2 v2.0.0-20160411212932-81ebce5c23df/go.mod h1:LRQQ+SO6ZHR7tOkpBDuZnXENFzX8qRjMDMyPD6BRkCw=
gopkg.in/yaml.v2 v2.4.0 h1:D8xgwECY7CYvx+Y2n4sBz93Jn9JRvxdiyyo8CTfuKaY=
gopkg.in/yaml.v2 v2.4.0/go.mod h1:RDklbk79AGWmwhnvt/jBztapEOGDOx6ZbXqjP6csGnQ=
gopkg.in/yaml.v3 v3.0.0-20200313102051-9f266ea9e77c/go.mod h1:K4uyk7z7BCEPqu6E+C64Yfv1cQ7kz7rIZviUmN+EgEM=
gopkg.in/yaml.v3 v3.0.0-20200605160147-a5ece683394c/go.mod h1:K4uyk7z7BCEPqu6E+C64Yfv1cQ7kz7rIZviUmN+EgEM=
gopkg.in/yaml.v3 v3.0.0-20200615113413-eeeca48fe776/go.mod h1:K4uyk7z7BCEPqu6E+C64Yfv1cQ7kz7rIZviUmN+EgEM=
gopkg.in/yaml.v3 v3.0.1 h1:fxVm/GzAzEWqLHuvctI91KS9hhNmmWOoWu0XTYJS7CA=
gopkg.in/yaml.v3 v3.0.1/go.mod h1:K4uyk7z7BCEPqu6E+C64Yfv1cQ7kz7rIZviUmN+EgEM=
